
Microsoft Visual Studio Solution File, Format Version 12.00
# Visual Studio Version 17
VisualStudioVersion = 17.9.34622.214
MinimumVisualStudioVersion = 10.0.40219.1
Project("{FAE04EC0-301F-11D3-BF4B-00C04F79EFBC}") = "EFRestaurantReservation", "EFRestaurantReservation\EFRestaurantReservation.csproj", "{841F94BB-0168-4756-8370-F39D476C7B62}"
EndProject
Global
	GlobalSection(SolutionConfigurationPlatforms) = preSolution
		Debug|Any CPU = Debug|Any CPU
		Release|Any CPU = Release|Any CPU
	EndGlobalSection
	GlobalSection(ProjectConfigurationPlatforms) = postSolution
		{841F94BB-0168-4756-8370-F39D476C7B62}.Debug|Any CPU.ActiveCfg = Debug|Any CPU
		{841F94BB-0168-4756-8370-F39D476C7B62}.Debug|Any CPU.Build.0 = Debug|Any CPU
		{841F94BB-0168-4756-8370-F39D476C7B62}.Release|Any CPU.ActiveCfg = Release|Any CPU
		{841F94BB-0168-4756-8370-F39D476C7B62}.Release|Any CPU.Build.0 = Release|Any CPU
	EndGlobalSection
	GlobalSection(SolutionProperties) = preSolution
		HideSolutionNode = FALSE
	EndGlobalSection
	GlobalSection(ExtensibilityGlobals) = postSolution
		SolutionGuid = {0DF5254E-D3EA-40FC-B100-072B4CA86061}
	EndGlobalSection
EndGlobal
